// !$*UTF8*$!
{
	archiveVersion = 1;
	classes = {
	};
	objectVersion = 55;
	objects = {

/* Begin PBXBuildFile section */
		BE160B942822100300FBCEAA /* ExperiencesView.swift in Sources */ = {isa = PBXBuildFile; fileRef = BE160B932822100300FBCEAA /* ExperiencesView.swift */; };
		BE5934B728213D8C00BB070B /* Elijah_PortfolioApp.swift in Sources */ = {isa = PBXBuildFile; fileRef = BE5934B628213D8C00BB070B /* Elijah_PortfolioApp.swift */; };
		BE5934B928213D8C00BB070B /* PortfolioView.swift in Sources */ = {isa = PBXBuildFile; fileRef = BE5934B828213D8C00BB070B /* PortfolioView.swift */; };
		BE5934BB28213D9300BB070B /* Assets.xcassets in Resources */ = {isa = PBXBuildFile; fileRef = BE5934BA28213D9300BB070B /* Assets.xcassets */; };
		BE5934BE28213D9300BB070B /* Preview Assets.xcassets in Resources */ = {isa = PBXBuildFile; fileRef = BE5934BD28213D9300BB070B /* Preview Assets.xcassets */; };
		BE5934CB2821432500BB070B /* Portfolio.swift in Sources */ = {isa = PBXBuildFile; fileRef = BE5934CA2821432500BB070B /* Portfolio.swift */; };
		BE5934CD2821456A00BB070B /* AppModel.swift in Sources */ = {isa = PBXBuildFile; fileRef = BE5934CC2821456A00BB070B /* AppModel.swift */; };
		BE5934D0282151A300BB070B /* HeaderView.swift in Sources */ = {isa = PBXBuildFile; fileRef = BE5934CF282151A300BB070B /* HeaderView.swift */; };
		BE5934D2282176A600BB070B /* SkillView.swift in Sources */ = {isa = PBXBuildFile; fileRef = BE5934D1282176A600BB070B /* SkillView.swift */; };
		BE5934D428217A1B00BB070B /* SkillsView.swift in Sources */ = {isa = PBXBuildFile; fileRef = BE5934D328217A1B00BB070B /* SkillsView.swift */; };
		BE5934D62821841D00BB070B /* ExperienceView.swift in Sources */ = {isa = PBXBuildFile; fileRef = BE5934D52821841D00BB070B /* ExperienceView.swift */; };
/* End PBXBuildFile section */

/* Begin PBXFileReference section */
		BE160B932822100300FBCEAA /* ExperiencesView.swift */ = {isa = PBXFileReference; lastKnownFileType = sourcecode.swift; path = ExperiencesView.swift; sourceTree = "<group>"; };
		BE5934B328213D8C00BB070B /* Elijah_Portfolio.app */ = {isa = PBXFileReference; explicitFileType = wrapper.application; includeInIndex = 0; path = Elijah_Portfolio.app; sourceTree = BUILT_PRODUCTS_DIR; };
		BE5934B628213D8C00BB070B /* Elijah_PortfolioApp.swift */ = {isa = PBXFileReference; lastKnownFileType = sourcecode.swift; path = Elijah_PortfolioApp.swift; sourceTree = "<group>"; };
		BE5934B828213D8C00BB070B /* PortfolioView.swift */ = {isa = PBXFileReference; lastKnownFileType = sourcecode.swift; path = PortfolioView.swift; sourceTree = "<group>"; };
		BE5934BA28213D9300BB070B /* Assets.xcassets */ = {isa = PBXFileReference; lastKnownFileType = folder.assetcatalog; path = Assets.xcassets; sourceTree = "<group>"; };
		BE5934BD28213D9300BB070B /* Preview Assets.xcassets */ = {isa = PBXFileReference; lastKnownFileType = folder.assetcatalog; path = "Preview Assets.xcassets"; sourceTree = "<group>"; };
		BE5934CA2821432500BB070B /* Portfolio.swift */ = {isa = PBXFileReference; lastKnownFileType = sourcecode.swift; path = Portfolio.swift; sourceTree = "<group>"; };
		BE5934CC2821456A00BB070B /* AppModel.swift */ = {isa = PBXFileReference; lastKnownFileType = sourcecode.swift; path = AppModel.swift; sourceTree = "<group>"; };
		BE5934CF282151A300BB070B /* HeaderView.swift */ = {isa = PBXFileReference; lastKnownFileType = sourcecode.swift; path = HeaderView.swift; sourceTree = "<group>"; };
		BE5934D1282176A600BB070B /* SkillView.swift */ = {isa = PBXFileReference; lastKnownFileType = sourcecode.swift; path = SkillView.swift; sourceTree = "<group>"; };
		BE5934D328217A1B00BB070B /* SkillsView.swift */ = {isa = PBXFileReference; lastKnownFileType = sourcecode.swift; path = SkillsView.swift; sourceTree = "<group>"; };
		BE5934D52821841D00BB070B /* ExperienceView.swift */ = {isa = PBXFileReference; lastKnownFileType = sourcecode.swift; path = ExperienceView.swift; sourceTree = "<group>"; };
/* End PBXFileReference section */

/* Begin PBXFrameworksBuildPhase section */
		BE5934B028213D8C00BB070B /* Frameworks */ = {
			isa = PBXFrameworksBuildPhase;
			buildActionMask = 2147483647;
			files = (
			);
			runOnlyForDeploymentPostprocessing = 0;
		};
/* End PBXFrameworksBuildPhase section */

/* Begin PBXGroup section */
		BE5934AA28213D8C00BB070B = {
			isa = PBXGroup;
			children = (
				BE5934B528213D8C00BB070B /* Elijah_Portfolio */,
				BE5934B428213D8C00BB070B /* Products */,
			);
			sourceTree = "<group>";
		};
		BE5934B428213D8C00BB070B /* Products */ = {
			isa = PBXGroup;
			children = (
				BE5934B328213D8C00BB070B /* Elijah_Portfolio.app */,
			);
			name = Products;
			sourceTree = "<group>";
		};
		BE5934B528213D8C00BB070B /* Elijah_Portfolio */ = {
			isa = PBXGroup;
			children = (
				BE5934C428213EED00BB070B /* Code */,
				BE5934BA28213D9300BB070B /* Assets.xcassets */,
				BE5934B828213D8C00BB070B /* PortfolioView.swift */,
				BE5934B628213D8C00BB070B /* Elijah_PortfolioApp.swift */,
				BE5934BC28213D9300BB070B /* Preview Content */,
			);
			path = Elijah_Portfolio;
			sourceTree = "<group>";
		};
		BE5934BC28213D9300BB070B /* Preview Content */ = {
			isa = PBXGroup;
			children = (
				BE5934BD28213D9300BB070B /* Preview Assets.xcassets */,
			);
			path = "Preview Content";
			sourceTree = "<group>";
		};
		BE5934C428213EED00BB070B /* Code */ = {
			isa = PBXGroup;
			children = (
				BE5934C628213F2E00BB070B /* Models */,
				BE5934C528213F0F00BB070B /* Controllers */,
				BE5934C828213F4A00BB070B /* Services */,
				BE5934C728213F3900BB070B /* Views */,
			);
			path = Code;
			sourceTree = "<group>";
		};
		BE5934C528213F0F00BB070B /* Controllers */ = {
			isa = PBXGroup;
			children = (
			);
			path = Controllers;
			sourceTree = "<group>";
		};
		BE5934C628213F2E00BB070B /* Models */ = {
			isa = PBXGroup;
			children = (
				BE5934CA2821432500BB070B /* Portfolio.swift */,
			);
			path = Models;
			sourceTree = "<group>";
		};
		BE5934C728213F3900BB070B /* Views */ = {
			isa = PBXGroup;
			children = (
				BE5934CE2821510200BB070B /* Support Views */,
			);
			path = Views;
			sourceTree = "<group>";
		};
		BE5934C828213F4A00BB070B /* Services */ = {
			isa = PBXGroup;
			children = (
				BE5934CC2821456A00BB070B /* AppModel.swift */,
			);
			path = Services;
			sourceTree = "<group>";
		};
		BE5934CE2821510200BB070B /* Support Views */ = {
			isa = PBXGroup;
			children = (
				BE5934CF282151A300BB070B /* HeaderView.swift */,
				BE5934D1282176A600BB070B /* SkillView.swift */,
				BE5934D328217A1B00BB070B /* SkillsView.swift */,
				BE5934D52821841D00BB070B /* ExperienceView.swift */,
				BE160B932822100300FBCEAA /* ExperiencesView.swift */,
			);
			path = "Support Views";
			sourceTree = "<group>";
		};
/* End PBXGroup section */

/* Begin PBXNativeTarget section */
		BE5934B228213D8C00BB070B /* Elijah_Portfolio */ = {
			isa = PBXNativeTarget;
			buildConfigurationList = BE5934C128213D9300BB070B /* Build configuration list for PBXNativeTarget "Elijah_Portfolio" */;
			buildPhases = (
				BE5934AF28213D8C00BB070B /* Sources */,
				BE5934B028213D8C00BB070B /* Frameworks */,
				BE5934B128213D8C00BB070B /* Resources */,
			);
			buildRules = (
			);
			dependencies = (
			);
			name = Elijah_Portfolio;
			productName = Elijah_Portfolio;
			productReference = BE5934B328213D8C00BB070B /* Elijah_Portfolio.app */;
			productType = "com.apple.product-type.application";
		};
/* End PBXNativeTarget section */

/* Begin PBXProject section */
		BE5934AB28213D8C00BB070B /* Project object */ = {
			isa = PBXProject;
			attributes = {
				BuildIndependentTargetsInParallel = 1;
				LastSwiftUpdateCheck = 1320;
				LastUpgradeCheck = 1320;
				TargetAttributes = {
					BE5934B228213D8C00BB070B = {
						CreatedOnToolsVersion = 13.2.1;
					};
				};
			};
			buildConfigurationList = BE5934AE28213D8C00BB070B /* Build configuration list for PBXProject "Elijah_Portfolio" */;
			compatibilityVersion = "Xcode 13.0";
			developmentRegion = en;
			hasScannedForEncodings = 0;
			knownRegions = (
				en,
				Base,
			);
			mainGroup = BE5934AA28213D8C00BB070B;
			productRefGroup = BE5934B428213D8C00BB070B /* Products */;
			projectDirPath = "";
			projectRoot = "";
			targets = (
				BE5934B228213D8C00BB070B /* Elijah_Portfolio */,
			);
		};
/* End PBXProject section */

/* Begin PBXResourcesBuildPhase section */
		BE5934B128213D8C00BB070B /* Resources */ = {
			isa = PBXResourcesBuildPhase;
			buildActionMask = 2147483647;
			files = (
				BE5934BE28213D9300BB070B /* Preview Assets.xcassets in Resources */,
				BE5934BB28213D9300BB070B /* Assets.xcassets in Resources */,
			);
			runOnlyForDeploymentPostprocessing = 0;
		};
/* End PBXResourcesBuildPhase section */

/* Begin PBXSourcesBuildPhase section */
		BE5934AF28213D8C00BB070B /* Sources */ = {
			isa = PBXSourcesBuildPhase;
			buildActionMask = 2147483647;
			files = (
				BE5934D428217A1B00BB070B /* SkillsView.swift in Sources */,
				BE5934D2282176A600BB070B /* SkillView.swift in Sources */,
				BE5934D62821841D00BB070B /* ExperienceView.swift in Sources */,
				BE5934D0282151A300BB070B /* HeaderView.swift in Sources */,
				BE160B942822100300FBCEAA /* ExperiencesView.swift in Sources */,
				BE5934CB2821432500BB070B /* Portfolio.swift in Sources */,
				BE5934B928213D8C00BB070B /* PortfolioView.swift in Sources */,
				BE5934B728213D8C00BB070B /* Elijah_PortfolioApp.swift in Sources */,
				BE5934CD2821456A00BB070B /* AppModel.swift in Sources */,
			);
			runOnlyForDeploymentPostprocessing = 0;
		};
/* End PBXSourcesBuildPhase section */

/* Begin XCBuildConfiguration section */
		BE5934BF28213D9300BB070B /* Debug */ = {
			isa = XCBuildConfiguration;
			buildSettings = {
				ALWAYS_SEARCH_USER_PATHS = NO;
				CLANG_ANALYZER_NONNULL = YES;
				CLANG_ANALYZER_NUMBER_OBJECT_CONVERSION = YES_AGGRESSIVE;
				CLANG_CXX_LANGUAGE_STANDARD = "gnu++17";
				CLANG_CXX_LIBRARY = "libc++";
				CLANG_ENABLE_MODULES = YES;
				CLANG_ENABLE_OBJC_ARC = YES;
				CLANG_ENABLE_OBJC_WEAK = YES;
				CLANG_WARN_BLOCK_CAPTURE_AUTORELEASING = YES;
				CLANG_WARN_BOOL_CONVERSION = YES;
				CLANG_WARN_COMMA = YES;
				CLANG_WARN_CONSTANT_CONVERSION = YES;
				CLANG_WARN_DEPRECATED_OBJC_IMPLEMENTATIONS = YES;
				CLANG_WARN_DIRECT_OBJC_ISA_USAGE = YES_ERROR;
				CLANG_WARN_DOCUMENTATION_COMMENTS = YES;
				CLANG_WARN_EMPTY_BODY = YES;
				CLANG_WARN_ENUM_CONVERSION = YES;
				CLANG_WARN_INFINITE_RECURSION = YES;
				CLANG_WARN_INT_CONVERSION = YES;
				CLANG_WARN_NON_LITERAL_NULL_CONVERSION = YES;
				CLANG_WARN_OBJC_IMPLICIT_RETAIN_SELF = YES;
				CLANG_WARN_OBJC_LITERAL_CONVERSION = YES;
				CLANG_WARN_OBJC_ROOT_CLASS = YES_ERROR;
				CLANG_WARN_QUOTED_INCLUDE_IN_FRAMEWORK_HEADER = YES;
				CLANG_WARN_RANGE_LOOP_ANALYSIS = YES;
				CLANG_WARN_STRICT_PROTOTYPES = YES;
				CLANG_WARN_SUSPICIOUS_MOVE = YES;
				CLANG_WARN_UNGUARDED_AVAILABILITY = YES_AGGRESSIVE;
				CLANG_WARN_UNREACHABLE_CODE = YES;
				CLANG_WARN__DUPLICATE_METHOD_MATCH = YES;
				COPY_PHASE_STRIP = NO;
				DEBUG_INFORMATION_FORMAT = dwarf;
				ENABLE_STRICT_OBJC_MSGSEND = YES;
				ENABLE_TESTABILITY = YES;
				GCC_C_LANGUAGE_STANDARD = gnu11;
				GCC_DYNAMIC_NO_PIC = NO;
				GCC_NO_COMMON_BLOCKS = YES;
				GCC_OPTIMIZATION_LEVEL = 0;
				GCC_PREPROCESSOR_DEFINITIONS = (
					"DEBUG=1",
					"$(inherited)",
				);
				GCC_WARN_64_TO_32_BIT_CONVERSION = YES;
				GCC_WARN_ABOUT_RETURN_TYPE = YES_ERROR;
				GCC_WARN_UNDECLARED_SELECTOR = YES;
				GCC_WARN_UNINITIALIZED_AUTOS = YES_AGGRESSIVE;
				GCC_WARN_UNUSED_FUNCTION = YES;
				GCC_WARN_UNUSED_VARIABLE = YES;
				IPHONEOS_DEPLOYMENT_TARGET = 15.2;
				MTL_ENABLE_DEBUG_INFO = INCLUDE_SOURCE;
				MTL_FAST_MATH = YES;
				ONLY_ACTIVE_ARCH = YES;
				SDKROOT = iphoneos;
				SWIFT_ACTIVE_COMPILATION_CONDITIONS = DEBUG;
				SWIFT_OPTIMIZATION_LEVEL = "-Onone";
			};
			name = Debug;
		};
		BE5934C028213D9300BB070B /* Release */ = {
			isa = XCBuildConfiguration;
			buildSettings = {
				ALWAYS_SEARCH_USER_PATHS = NO;
				CLANG_ANALYZER_NONNULL = YES;
				CLANG_ANALYZER_NUMBER_OBJECT_CONVERSION = YES_AGGRESSIVE;
				CLANG_CXX_LANGUAGE_STANDARD = "gnu++17";
				CLANG_CXX_LIBRARY = "libc++";
				CLANG_ENABLE_MODULES = YES;
				CLANG_ENABLE_OBJC_ARC = YES;
				CLANG_ENABLE_OBJC_WEAK = YES;
				CLANG_WARN_BLOCK_CAPTURE_AUTORELEASING = YES;
				CLANG_WARN_BOOL_CONVERSION = YES;
				CLANG_WARN_COMMA = YES;
				CLANG_WARN_CONSTANT_CONVERSION = YES;
				CLANG_WARN_DEPRECATED_OBJC_IMPLEMENTATIONS = YES;
				CLANG_WARN_DIRECT_OBJC_ISA_USAGE = YES_ERROR;
				CLANG_WARN_DOCUMENTATION_COMMENTS = YES;
				CLANG_WARN_EMPTY_BODY = YES;
				CLANG_WARN_ENUM_CONVERSION = YES;
				CLANG_WARN_INFINITE_RECURSION = YES;
				CLANG_WARN_INT_CONVERSION = YES;
				CLANG_WARN_NON_LITERAL_NULL_CONVERSION = YES;
				CLANG_WARN_OBJC_IMPLICIT_RETAIN_SELF = YES;
				CLANG_WARN_OBJC_LITERAL_CONVERSION = YES;
				CLANG_WARN_OBJC_ROOT_CLASS = YES_ERROR;
				CLANG_WARN_QUOTED_INCLUDE_IN_FRAMEWORK_HEADER = YES;
				CLANG_WARN_RANGE_LOOP_ANALYSIS = YES;
				CLANG_WARN_STRICT_PROTOTYPES = YES;
				CLANG_WARN_SUSPICIOUS_MOVE = YES;
				CLANG_WARN_UNGUARDED_AVAILABILITY = YES_AGGRESSIVE;
				CLANG_WARN_UNREACHABLE_CODE = YES;
				CLANG_WARN__DUPLICATE_METHOD_MATCH = YES;
				COPY_PHASE_STRIP = NO;
				DEBUG_INFORMATION_FORMAT = "dwarf-with-dsym";
				ENABLE_NS_ASSERTIONS = NO;
				ENABLE_STRICT_OBJC_MSGSEND = YES;
				GCC_C_LANGUAGE_STANDARD = gnu11;
				GCC_NO_COMMON_BLOCKS = YES;
				GCC_WARN_64_TO_32_BIT_CONVERSION = YES;
				GCC_WARN_ABOUT_RETURN_TYPE = YES_ERROR;
				GCC_WARN_UNDECLARED_SELECTOR = YES;
				GCC_WARN_UNINITIALIZED_AUTOS = YES_AGGRESSIVE;
				GCC_WARN_UNUSED_FUNCTION = YES;
				GCC_WARN_UNUSED_VARIABLE = YES;
				IPHONEOS_DEPLOYMENT_TARGET = 15.2;
				MTL_ENABLE_DEBUG_INFO = NO;
				MTL_FAST_MATH = YES;
				SDKROOT = iphoneos;
				SWIFT_COMPILATION_MODE = wholemodule;
				SWIFT_OPTIMIZATION_LEVEL = "-O";
				VALIDATE_PRODUCT = YES;
			};
			name = Release;
		};
		BE5934C228213D9300BB070B /* Debug */ = {
			isa = XCBuildConfiguration;
			buildSettings = {
				ASSETCATALOG_COMPILER_APPICON_NAME = AppIcon;
				ASSETCATALOG_COMPILER_GLOBAL_ACCENT_COLOR_NAME = AccentColor;
				CODE_SIGN_STYLE = Automatic;
				CURRENT_PROJECT_VERSION = 1;
				DEVELOPMENT_ASSET_PATHS = "\"Elijah_Portfolio/Preview Content\"";
				ENABLE_PREVIEWS = YES;
				GENERATE_INFOPLIST_FILE = YES;
				INFOPLIST_KEY_UIApplicationSceneManifest_Generation = YES;
				INFOPLIST_KEY_UIApplicationSupportsIndirectInputEvents = YES;
				INFOPLIST_KEY_UILaunchScreen_Generation = YES;
				INFOPLIST_KEY_UISupportedInterfaceOrientations_iPad = "UIInterfaceOrientationPortrait UIInterfaceOrientationPortraitUpsideDown UIInterfaceOrientationLandscapeLeft UIInterfaceOrientationLandscapeRight";
				INFOPLIST_KEY_UISupportedInterfaceOrientations_iPhone = "UIInterfaceOrientationPortrait UIInterfaceOrientationLandscapeLeft UIInterfaceOrientationLandscapeRight";
				LD_RUNPATH_SEARCH_PATHS = (
					"$(inherited)",
					"@executable_path/Frameworks",
				);
				MARKETING_VERSION = 1.0;
				PRODUCT_BUNDLE_IDENTIFIER = "com.ElijahArmande.Elijah-Portfolio";
				PRODUCT_NAME = "$(TARGET_NAME)";
				SWIFT_EMIT_LOC_STRINGS = YES;
				SWIFT_VERSION = 5.0;
				TARGETED_DEVICE_FAMILY = "1,2";
			};
			name = Debug;
		};
		BE5934C328213D9300BB070B /* Release */ = {
			isa = XCBuildConfiguration;
			buildSettings = {
				ASSETCATALOG_COMPILER_APPICON_NAME = AppIcon;
				ASSETCATALOG_COMPILER_GLOBAL_ACCENT_COLOR_NAME = AccentColor;
				CODE_SIGN_STYLE = Automatic;
				CURRENT_PROJECT_VERSION = 1;
				DEVELOPMENT_ASSET_PATHS = "\"Elijah_Portfolio/Preview Content\"";
				ENABLE_PREVIEWS = YES;
				GENERATE_INFOPLIST_FILE = YES;
				INFOPLIST_KEY_UIApplicationSceneManifest_Generation = YES;
				INFOPLIST_KEY_UIApplicationSupportsIndirectInputEvents = YES;
				INFOPLIST_KEY_UILaunchScreen_Generation = YES;
				INFOPLIST_KEY_UISupportedInterfaceOrientations_iPad = "UIInterfaceOrientationPortrait UIInterfaceOrientationPortraitUpsideDown UIInterfaceOrientationLandscapeLeft UIInterfaceOrientationLandscapeRight";
				INFOPLIST_KEY_UISupportedInterfaceOrientations_iPhone = "UIInterfaceOrientationPortrait UIInterfaceOrientationLandscapeLeft UIInterfaceOrientationLandscapeRight";
				LD_RUNPATH_SEARCH_PATHS = (
					"$(inherited)",
					"@executable_path/Frameworks",
				);
				MARKETING_VERSION = 1.0;
				PRODUCT_BUNDLE_IDENTIFIER = "com.ElijahArmande.Elijah-Portfolio";
				PRODUCT_NAME = "$(TARGET_NAME)";
				SWIFT_EMIT_LOC_STRINGS = YES;
				SWIFT_VERSION = 5.0;
				TARGETED_DEVICE_FAMILY = "1,2";
			};
			name = Release;
		};
/* End XCBuildConfiguration section */

/* Begin XCConfigurationList section */
		BE5934AE28213D8C00BB070B /* Build configuration list for PBXProject "Elijah_Portfolio" */ = {
			isa = XCConfigurationList;
			buildConfigurations = (
				BE5934BF28213D9300BB070B /* Debug */,
				BE5934C028213D9300BB070B /* Release */,
			);
			defaultConfigurationIsVisible = 0;
			defaultConfigurationName = Release;
		};
		BE5934C128213D9300BB070B /* Build configuration list for PBXNativeTarget "Elijah_Portfolio" */ = {
			isa = XCConfigurationList;
			buildConfigurations = (
				BE5934C228213D9300BB070B /* Debug */,
				BE5934C328213D9300BB070B /* Release */,
			);
			defaultConfigurationIsVisible = 0;
			defaultConfigurationName = Release;
		};
/* End XCConfigurationList section */
	};
	rootObject = BE5934AB28213D8C00BB070B /* Project object */;
}
